# This file is autogenerated, do not edit; changes may be undone by the next 'dep ensure'.


[[projects]]
  branch = "master"
  name = "github.com/adlio/darksky"
  packages = ["."]
  revision = "8ec462869e09cf4a43a279276c0ca139492e34cd"

[[projects]]
  name = "github.com/pkg/errors"
  packages = ["."]
  revision = "645ef00459ed84a119197bfb8d8205042c6df63d"
  version = "v0.8.0"

[solve-meta]
  analyzer-name = "dep"
  analyzer-version = 1
  inputs-digest = "08fed0af3879c9abd4df740e199a7694fb2f78f75466b427e2c384eab56d487a"
  solver-name = "gps-cdcl"
  solver-version = 1
